<?xml version="1.0" encoding="UTF-8" standalone="yes" ?>
<CodeBlocks_project_file>
   <FileVersion major="1" minor="6" />
   <Project>
      <Option title="scorInterface" />
      <Option makefile_is_custom="1" />
      <Option compiler="gcc" />
      <Option virtualFolders="CMake Files\;" />
      <Build>
      <Target title="all">
         <Option working_dir="/home/scorebot/Scorbot-CA/relase" />
         <Option type="4" />
         <MakeCommands>
            <Build command="/usr/bin/make -f &quot;/home/scorebot/Scorbot-CA/relase/Makefile&quot;  VERBOSE=1 all" />
            <CompileFile command="/usr/bin/make -f &quot;/home/scorebot/Scorbot-CA/relase/Makefile&quot;  VERBOSE=1 &quot;$file&quot;" />
            <Clean command="/usr/bin/make -f &quot;/home/scorebot/Scorbot-CA/relase/Makefile&quot;  VERBOSE=1 clean" />
            <DistClean command="/usr/bin/make -f &quot;/home/scorebot/Scorbot-CA/relase/Makefile&quot;  VERBOSE=1 clean" />
         </MakeCommands>
      </Target>
      <Target title="edit_cache">
         <Option working_dir="/home/scorebot/Scorbot-CA/relase" />
         <Option type="4" />
         <MakeCommands>
            <Build command="/usr/bin/make -f &quot;/home/scorebot/Scorbot-CA/relase/Makefile&quot;  VERBOSE=1 edit_cache" />
            <CompileFile command="/usr/bin/make -f &quot;/home/scorebot/Scorbot-CA/relase/Makefile&quot;  VERBOSE=1 &quot;$file&quot;" />
            <Clean command="/usr/bin/make -f &quot;/home/scorebot/Scorbot-CA/relase/Makefile&quot;  VERBOSE=1 clean" />
            <DistClean command="/usr/bin/make -f &quot;/home/scorebot/Scorbot-CA/relase/Makefile&quot;  VERBOSE=1 clean" />
         </MakeCommands>
      </Target>
      <Target title="rebuild_cache">
         <Option working_dir="/home/scorebot/Scorbot-CA/relase" />
         <Option type="4" />
         <MakeCommands>
            <Build command="/usr/bin/make -f &quot;/home/scorebot/Scorbot-CA/relase/Makefile&quot;  VERBOSE=1 rebuild_cache" />
            <CompileFile command="/usr/bin/make -f &quot;/home/scorebot/Scorbot-CA/relase/Makefile&quot;  VERBOSE=1 &quot;$file&quot;" />
            <Clean command="/usr/bin/make -f &quot;/home/scorebot/Scorbot-CA/relase/Makefile&quot;  VERBOSE=1 clean" />
            <DistClean command="/usr/bin/make -f &quot;/home/scorebot/Scorbot-CA/relase/Makefile&quot;  VERBOSE=1 clean" />
         </MakeCommands>
      </Target>
      <Target title="scorInterface">
         <Option output="/home/scorebot/Scorbot-CA/relase/scorInterface" prefix_auto="0" extension_auto="0" />
         <Option working_dir="/home/scorebot/Scorbot-CA/relase" />
         <Option object_output="./" />
         <Option type="1" />
         <Option compiler="gcc" />
         <Compiler>
            <Add directory="/usr/include" />
            <Add directory="/usr/include/arm-linux-gnueabihf" />
            <Add directory="/usr/include/arm-linux-gnueabihf/c++/5" />
            <Add directory="/usr/include/c++/5" />
            <Add directory="/usr/include/c++/5/backward" />
            <Add directory="/usr/lib/gcc/arm-linux-gnueabihf/5/include" />
            <Add directory="/usr/lib/gcc/arm-linux-gnueabihf/5/include-fixed" />
            <Add directory="/usr/local/include" />
         </Compiler>
         <MakeCommands>
            <Build command="/usr/bin/make -f &quot;/home/scorebot/Scorbot-CA/relase/Makefile&quot;  VERBOSE=1 scorInterface" />
            <CompileFile command="/usr/bin/make -f &quot;/home/scorebot/Scorbot-CA/relase/Makefile&quot;  VERBOSE=1 &quot;$file&quot;" />
            <Clean command="/usr/bin/make -f &quot;/home/scorebot/Scorbot-CA/relase/Makefile&quot;  VERBOSE=1 clean" />
            <DistClean command="/usr/bin/make -f &quot;/home/scorebot/Scorbot-CA/relase/Makefile&quot;  VERBOSE=1 clean" />
         </MakeCommands>
      </Target>
      <Target title="scorInterface/fast">
         <Option output="/home/scorebot/Scorbot-CA/relase/scorInterface" prefix_auto="0" extension_auto="0" />
         <Option working_dir="/home/scorebot/Scorbot-CA/relase" />
         <Option object_output="./" />
         <Option type="1" />
         <Option compiler="gcc" />
         <Compiler>
            <Add directory="/usr/include" />
            <Add directory="/usr/include/arm-linux-gnueabihf" />
            <Add directory="/usr/include/arm-linux-gnueabihf/c++/5" />
            <Add directory="/usr/include/c++/5" />
            <Add directory="/usr/include/c++/5/backward" />
            <Add directory="/usr/lib/gcc/arm-linux-gnueabihf/5/include" />
            <Add directory="/usr/lib/gcc/arm-linux-gnueabihf/5/include-fixed" />
            <Add directory="/usr/local/include" />
         </Compiler>
         <MakeCommands>
            <Build command="/usr/bin/make -f &quot;/home/scorebot/Scorbot-CA/relase/Makefile&quot;  VERBOSE=1 scorInterface/fast" />
            <CompileFile command="/usr/bin/make -f &quot;/home/scorebot/Scorbot-CA/relase/Makefile&quot;  VERBOSE=1 &quot;$file&quot;" />
            <Clean command="/usr/bin/make -f &quot;/home/scorebot/Scorbot-CA/relase/Makefile&quot;  VERBOSE=1 clean" />
            <DistClean command="/usr/bin/make -f &quot;/home/scorebot/Scorbot-CA/relase/Makefile&quot;  VERBOSE=1 clean" />
         </MakeCommands>
      </Target>
      </Build>
      <Unit filename="/home/scorebot/Scorbot-CA/relase/PidClass/PIDScorbot.cpp">
         <Option target="scorInterface"/>
      </Unit>
      <Unit filename="/home/scorebot/Scorbot-CA/relase/PidClass/PIDScorbot.h">
         <Option target="scorInterface"/>
      </Unit>
      <Unit filename="/home/scorebot/Scorbot-CA/relase/SPILib/spi_scorebot_packdefine.h">
         <Option target="scorInterface"/>
      </Unit>
      <Unit filename="/home/scorebot/Scorbot-CA/relase/SPILib/spisend.cpp">
         <Option target="scorInterface"/>
      </Unit>
      <Unit filename="/home/scorebot/Scorbot-CA/relase/SPILib/spisend.h">
         <Option target="scorInterface"/>
      </Unit>
      <Unit filename="/home/scorebot/Scorbot-CA/relase/comC/comC.cpp">
         <Option target="scorInterface"/>
      </Unit>
      <Unit filename="/home/scorebot/Scorbot-CA/relase/comC/comC.h">
         <Option target="scorInterface"/>
      </Unit>
      <Unit filename="/home/scorebot/Scorbot-CA/relase/main.cpp">
         <Option target="scorInterface"/>
      </Unit>
      <Unit filename="/home/scorebot/Scorbot-CA/relase/CMakeLists.txt">
          <Option virtualFolder="CMake Files\" />
      </Unit>
   </Project>
</CodeBlocks_project_file>
