<?xml version="1.0" encoding="UTF-8" standalone="yes" ?>
<CodeBlocks_project_file>
   <FileVersion major="1" minor="6" />
   <Project>
      <Option title="SpiRasp_Terminal" />
      <Option makefile_is_custom="1" />
      <Option compiler="gcc" />
      <Option virtualFolders="CMake Files\;" />
      <Build>
      <Target title="all">
         <Option working_dir="/home/scorebot/Scorbot-CA/2_boardSystem/V2/SW/1_uart/01_SpiRasp_demo-build" />
         <Option type="4" />
         <MakeCommands>
            <Build command="/usr/bin/make -f &quot;/home/scorebot/Scorbot-CA/2_boardSystem/V2/SW/1_uart/01_SpiRasp_demo-build/Makefile&quot;  VERBOSE=1 all" />
            <CompileFile command="/usr/bin/make -f &quot;/home/scorebot/Scorbot-CA/2_boardSystem/V2/SW/1_uart/01_SpiRasp_demo-build/Makefile&quot;  VERBOSE=1 &quot;$file&quot;" />
            <Clean command="/usr/bin/make -f &quot;/home/scorebot/Scorbot-CA/2_boardSystem/V2/SW/1_uart/01_SpiRasp_demo-build/Makefile&quot;  VERBOSE=1 clean" />
            <DistClean command="/usr/bin/make -f &quot;/home/scorebot/Scorbot-CA/2_boardSystem/V2/SW/1_uart/01_SpiRasp_demo-build/Makefile&quot;  VERBOSE=1 clean" />
         </MakeCommands>
      </Target>
      <Target title="edit_cache">
         <Option working_dir="/home/scorebot/Scorbot-CA/2_boardSystem/V2/SW/1_uart/01_SpiRasp_demo-build" />
         <Option type="4" />
         <MakeCommands>
            <Build command="/usr/bin/make -f &quot;/home/scorebot/Scorbot-CA/2_boardSystem/V2/SW/1_uart/01_SpiRasp_demo-build/Makefile&quot;  VERBOSE=1 edit_cache" />
            <CompileFile command="/usr/bin/make -f &quot;/home/scorebot/Scorbot-CA/2_boardSystem/V2/SW/1_uart/01_SpiRasp_demo-build/Makefile&quot;  VERBOSE=1 &quot;$file&quot;" />
            <Clean command="/usr/bin/make -f &quot;/home/scorebot/Scorbot-CA/2_boardSystem/V2/SW/1_uart/01_SpiRasp_demo-build/Makefile&quot;  VERBOSE=1 clean" />
            <DistClean command="/usr/bin/make -f &quot;/home/scorebot/Scorbot-CA/2_boardSystem/V2/SW/1_uart/01_SpiRasp_demo-build/Makefile&quot;  VERBOSE=1 clean" />
         </MakeCommands>
      </Target>
      <Target title="rebuild_cache">
         <Option working_dir="/home/scorebot/Scorbot-CA/2_boardSystem/V2/SW/1_uart/01_SpiRasp_demo-build" />
         <Option type="4" />
         <MakeCommands>
            <Build command="/usr/bin/make -f &quot;/home/scorebot/Scorbot-CA/2_boardSystem/V2/SW/1_uart/01_SpiRasp_demo-build/Makefile&quot;  VERBOSE=1 rebuild_cache" />
            <CompileFile command="/usr/bin/make -f &quot;/home/scorebot/Scorbot-CA/2_boardSystem/V2/SW/1_uart/01_SpiRasp_demo-build/Makefile&quot;  VERBOSE=1 &quot;$file&quot;" />
            <Clean command="/usr/bin/make -f &quot;/home/scorebot/Scorbot-CA/2_boardSystem/V2/SW/1_uart/01_SpiRasp_demo-build/Makefile&quot;  VERBOSE=1 clean" />
            <DistClean command="/usr/bin/make -f &quot;/home/scorebot/Scorbot-CA/2_boardSystem/V2/SW/1_uart/01_SpiRasp_demo-build/Makefile&quot;  VERBOSE=1 clean" />
         </MakeCommands>
      </Target>
      <Target title="SpiRasp_Terminal">
         <Option output="/home/scorebot/Scorbot-CA/2_boardSystem/V2/SW/1_uart/01_SpiRasp_demo-build/SpiRasp_Terminal" prefix_auto="0" extension_auto="0" />
         <Option working_dir="/home/scorebot/Scorbot-CA/2_boardSystem/V2/SW/1_uart/01_SpiRasp_demo-build" />
         <Option object_output="./" />
         <Option type="1" />
         <Option compiler="gcc" />
         <Compiler>
            <Add option="-DONLYRaspCompiling" />
            <Add directory="/usr/include" />
            <Add directory="/usr/include/arm-linux-gnueabihf" />
            <Add directory="/usr/include/arm-linux-gnueabihf/c++/5" />
            <Add directory="/usr/include/c++/5" />
            <Add directory="/usr/include/c++/5/backward" />
            <Add directory="/usr/lib/gcc/arm-linux-gnueabihf/5/include" />
            <Add directory="/usr/lib/gcc/arm-linux-gnueabihf/5/include-fixed" />
            <Add directory="/usr/local/include" />
         </Compiler>
         <MakeCommands>
            <Build command="/usr/bin/make -f &quot;/home/scorebot/Scorbot-CA/2_boardSystem/V2/SW/1_uart/01_SpiRasp_demo-build/Makefile&quot;  VERBOSE=1 SpiRasp_Terminal" />
            <CompileFile command="/usr/bin/make -f &quot;/home/scorebot/Scorbot-CA/2_boardSystem/V2/SW/1_uart/01_SpiRasp_demo-build/Makefile&quot;  VERBOSE=1 &quot;$file&quot;" />
            <Clean command="/usr/bin/make -f &quot;/home/scorebot/Scorbot-CA/2_boardSystem/V2/SW/1_uart/01_SpiRasp_demo-build/Makefile&quot;  VERBOSE=1 clean" />
            <DistClean command="/usr/bin/make -f &quot;/home/scorebot/Scorbot-CA/2_boardSystem/V2/SW/1_uart/01_SpiRasp_demo-build/Makefile&quot;  VERBOSE=1 clean" />
         </MakeCommands>
      </Target>
      <Target title="SpiRasp_Terminal/fast">
         <Option output="/home/scorebot/Scorbot-CA/2_boardSystem/V2/SW/1_uart/01_SpiRasp_demo-build/SpiRasp_Terminal" prefix_auto="0" extension_auto="0" />
         <Option working_dir="/home/scorebot/Scorbot-CA/2_boardSystem/V2/SW/1_uart/01_SpiRasp_demo-build" />
         <Option object_output="./" />
         <Option type="1" />
         <Option compiler="gcc" />
         <Compiler>
            <Add option="-DONLYRaspCompiling" />
            <Add directory="/usr/include" />
            <Add directory="/usr/include/arm-linux-gnueabihf" />
            <Add directory="/usr/include/arm-linux-gnueabihf/c++/5" />
            <Add directory="/usr/include/c++/5" />
            <Add directory="/usr/include/c++/5/backward" />
            <Add directory="/usr/lib/gcc/arm-linux-gnueabihf/5/include" />
            <Add directory="/usr/lib/gcc/arm-linux-gnueabihf/5/include-fixed" />
            <Add directory="/usr/local/include" />
         </Compiler>
         <MakeCommands>
            <Build command="/usr/bin/make -f &quot;/home/scorebot/Scorbot-CA/2_boardSystem/V2/SW/1_uart/01_SpiRasp_demo-build/Makefile&quot;  VERBOSE=1 SpiRasp_Terminal/fast" />
            <CompileFile command="/usr/bin/make -f &quot;/home/scorebot/Scorbot-CA/2_boardSystem/V2/SW/1_uart/01_SpiRasp_demo-build/Makefile&quot;  VERBOSE=1 &quot;$file&quot;" />
            <Clean command="/usr/bin/make -f &quot;/home/scorebot/Scorbot-CA/2_boardSystem/V2/SW/1_uart/01_SpiRasp_demo-build/Makefile&quot;  VERBOSE=1 clean" />
            <DistClean command="/usr/bin/make -f &quot;/home/scorebot/Scorbot-CA/2_boardSystem/V2/SW/1_uart/01_SpiRasp_demo-build/Makefile&quot;  VERBOSE=1 clean" />
         </MakeCommands>
      </Target>
      </Build>
      <Unit filename="/home/scorebot/Scorbot-CA/2_boardSystem/V2/SW/1_uart/01_SpiRasp_demo/main.cpp">
         <Option target="SpiRasp_Terminal"/>
      </Unit>
      <Unit filename="/home/scorebot/Scorbot-CA/2_boardSystem/V2/SW/1_uart/DataTransfertPackge/DataFactory.cpp">
         <Option target="SpiRasp_Terminal"/>
      </Unit>
      <Unit filename="/home/scorebot/Scorbot-CA/2_boardSystem/V2/SW/1_uart/DataTransfertPackge/DataFactory.h">
         <Option target="SpiRasp_Terminal"/>
      </Unit>
      <Unit filename="/home/scorebot/Scorbot-CA/2_boardSystem/V2/SW/1_uart/DataTransfertPackge/DataManipolation/AllSensor.cpp">
         <Option target="SpiRasp_Terminal"/>
      </Unit>
      <Unit filename="/home/scorebot/Scorbot-CA/2_boardSystem/V2/SW/1_uart/DataTransfertPackge/DataManipolation/AllSensor.h">
         <Option target="SpiRasp_Terminal"/>
      </Unit>
      <Unit filename="/home/scorebot/Scorbot-CA/2_boardSystem/V2/SW/1_uart/DataTransfertPackge/DataManipolation/CurrentMot.cpp">
         <Option target="SpiRasp_Terminal"/>
      </Unit>
      <Unit filename="/home/scorebot/Scorbot-CA/2_boardSystem/V2/SW/1_uart/DataTransfertPackge/DataManipolation/CurrentMot.h">
         <Option target="SpiRasp_Terminal"/>
      </Unit>
      <Unit filename="/home/scorebot/Scorbot-CA/2_boardSystem/V2/SW/1_uart/DataTransfertPackge/DataManipolation/EncoderMot.cpp">
         <Option target="SpiRasp_Terminal"/>
      </Unit>
      <Unit filename="/home/scorebot/Scorbot-CA/2_boardSystem/V2/SW/1_uart/DataTransfertPackge/DataManipolation/EncoderMot.h">
         <Option target="SpiRasp_Terminal"/>
      </Unit>
      <Unit filename="/home/scorebot/Scorbot-CA/2_boardSystem/V2/SW/1_uart/DataTransfertPackge/DataManipolation/Pack.cpp">
         <Option target="SpiRasp_Terminal"/>
      </Unit>
      <Unit filename="/home/scorebot/Scorbot-CA/2_boardSystem/V2/SW/1_uart/DataTransfertPackge/DataManipolation/Pack.h">
         <Option target="SpiRasp_Terminal"/>
      </Unit>
      <Unit filename="/home/scorebot/Scorbot-CA/2_boardSystem/V2/SW/1_uart/DataTransfertPackge/DataManipolation/SettingBoard_C.cpp">
         <Option target="SpiRasp_Terminal"/>
      </Unit>
      <Unit filename="/home/scorebot/Scorbot-CA/2_boardSystem/V2/SW/1_uart/DataTransfertPackge/DataManipolation/SettingBoard_C.h">
         <Option target="SpiRasp_Terminal"/>
      </Unit>
      <Unit filename="/home/scorebot/Scorbot-CA/2_boardSystem/V2/SW/1_uart/DataTransfertPackge/DataManipolation/SpeedMot.cpp">
         <Option target="SpiRasp_Terminal"/>
      </Unit>
      <Unit filename="/home/scorebot/Scorbot-CA/2_boardSystem/V2/SW/1_uart/DataTransfertPackge/DataManipolation/SpeedMot.h">
         <Option target="SpiRasp_Terminal"/>
      </Unit>
      <Unit filename="/home/scorebot/Scorbot-CA/2_boardSystem/V2/SW/1_uart/DataTransfertPackge/DataManipolation/typePackWrongExcept.h">
         <Option target="SpiRasp_Terminal"/>
      </Unit>
      <Unit filename="/home/scorebot/Scorbot-CA/2_boardSystem/V2/SW/1_uart/DataTransfertPackge/DataPrimitive.h">
         <Option target="SpiRasp_Terminal"/>
      </Unit>
      <Unit filename="/home/scorebot/Scorbot-CA/2_boardSystem/V2/SW/1_uart/ScorbotRaspLib/SPILib/SpiRaspInterface.cpp">
         <Option target="SpiRasp_Terminal"/>
      </Unit>
      <Unit filename="/home/scorebot/Scorbot-CA/2_boardSystem/V2/SW/1_uart/ScorbotRaspLib/SPILib/SpiRaspInterface.h">
         <Option target="SpiRasp_Terminal"/>
      </Unit>
      <Unit filename="/home/scorebot/Scorbot-CA/2_boardSystem/V2/SW/1_uart/ScorbotRaspLib/UtilityScorbot/ScorCalc.cpp">
         <Option target="SpiRasp_Terminal"/>
      </Unit>
      <Unit filename="/home/scorebot/Scorbot-CA/2_boardSystem/V2/SW/1_uart/ScorbotRaspLib/UtilityScorbot/ScorCalc.h">
         <Option target="SpiRasp_Terminal"/>
      </Unit>
      <Unit filename="/home/scorebot/Scorbot-CA/2_boardSystem/V2/SW/1_uart/01_SpiRasp_demo/CMakeLists.txt">
          <Option virtualFolder="CMake Files\" />
      </Unit>
   </Project>
</CodeBlocks_project_file>
